
Microsoft Visual Studio Solution File, Format Version 12.00
# Visual Studio Version 17
VisualStudioVersion = 17.11.35303.130
MinimumVisualStudioVersion = 10.0.40219.1
Project("{FAE04EC0-301F-11D3-BF4B-00C04F79EFBC}") = "Vehicles.Example", "Vehicles.Example.csproj", "{DCC2AB4A-BB7D-4C13-96FA-3A5E6FB04DA9}"
EndProject
Global
	GlobalSection(SolutionConfigurationPlatforms) = preSolution
		Debug|Any CPU = Debug|Any CPU
		Release|Any CPU = Release|Any CPU
	EndGlobalSection
	GlobalSection(ProjectConfigurationPlatforms) = postSolution
		{DCC2AB4A-BB7D-4C13-96FA-3A5E6FB04DA9}.Debug|Any CPU.ActiveCfg = Debug|Any CPU
		{DCC2AB4A-BB7D-4C13-96FA-3A5E6FB04DA9}.Debug|Any CPU.Build.0 = Debug|Any CPU
		{DCC2AB4A-BB7D-4C13-96FA-3A5E6FB04DA9}.Release|Any CPU.ActiveCfg = Release|Any CPU
		{DCC2AB4A-BB7D-4C13-96FA-3A5E6FB04DA9}.Release|Any CPU.Build.0 = Release|Any CPU
	EndGlobalSection
	GlobalSection(SolutionProperties) = preSolution
		HideSolutionNode = FALSE
	EndGlobalSection
	GlobalSection(ExtensibilityGlobals) = postSolution
		SolutionGuid = {5D71218C-ABBA-4D4A-AF65-D4DABDB711D4}
	EndGlobalSection
EndGlobal
